
Microsoft Visual Studio Solution File, Format Version 12.00
# Visual Studio Version 16
VisualStudioVersion = 16.0.31105.61
MinimumVisualStudioVersion = 10.0.40219.1
Project("{FAE04EC0-301F-11D3-BF4B-00C04F79EFBC}") = "CW4", "CW4\CW4.csproj", "{7AAE6051-0C3D-49D3-B79F-95B73032ACCD}"
EndProject
Global
	GlobalSection(SolutionConfigurationPlatforms) = preSolution
		Debug|Any CPU = Debug|Any CPU
		Release|Any CPU = Release|Any CPU
	EndGlobalSection
	GlobalSection(ProjectConfigurationPlatforms) = postSolution
		{7AAE6051-0C3D-49D3-B79F-95B73032ACCD}.Debug|Any CPU.ActiveCfg = Debug|Any CPU
		{7AAE6051-0C3D-49D3-B79F-95B73032ACCD}.Debug|Any CPU.Build.0 = Debug|Any CPU
		{7AAE6051-0C3D-49D3-B79F-95B73032ACCD}.Release|Any CPU.ActiveCfg = Release|Any CPU
		{7AAE6051-0C3D-49D3-B79F-95B73032ACCD}.Release|Any CPU.Build.0 = Release|Any CPU
	EndGlobalSection
	GlobalSection(SolutionProperties) = preSolution
		HideSolutionNode = FALSE
	EndGlobalSection
	GlobalSection(ExtensibilityGlobals) = postSolution
		SolutionGuid = {F0EB325A-24A3-421D-A0EA-C5007DC2A233}
	EndGlobalSection
EndGlobal
