
Microsoft Visual Studio Solution File, Format Version 12.00
# Visual Studio Version 16
VisualStudioVersion = 16.0.31105.61
MinimumVisualStudioVersion = 10.0.40219.1
Project("{FAE04EC0-301F-11D3-BF4B-00C04F79EFBC}") = "CW2", "CW2\CW2.csproj", "{B2121E0F-925F-4825-9B1A-2A1D604FFE2A}"
EndProject
Global
	GlobalSection(SolutionConfigurationPlatforms) = preSolution
		Debug|Any CPU = Debug|Any CPU
		Release|Any CPU = Release|Any CPU
	EndGlobalSection
	GlobalSection(ProjectConfigurationPlatforms) = postSolution
		{B2121E0F-925F-4825-9B1A-2A1D604FFE2A}.Debug|Any CPU.ActiveCfg = Debug|Any CPU
		{B2121E0F-925F-4825-9B1A-2A1D604FFE2A}.Debug|Any CPU.Build.0 = Debug|Any CPU
		{B2121E0F-925F-4825-9B1A-2A1D604FFE2A}.Release|Any CPU.ActiveCfg = Release|Any CPU
		{B2121E0F-925F-4825-9B1A-2A1D604FFE2A}.Release|Any CPU.Build.0 = Release|Any CPU
	EndGlobalSection
	GlobalSection(SolutionProperties) = preSolution
		HideSolutionNode = FALSE
	EndGlobalSection
	GlobalSection(ExtensibilityGlobals) = postSolution
		SolutionGuid = {95F661DD-8931-4F55-8F44-3D0FF4DFA17D}
	EndGlobalSection
EndGlobal
